// !$*UTF8*$!
{
	archiveVersion = 1;
	classes = {
	};
	objectVersion = 77;
	objects = {

/* Begin PBXBuildFile section */
		182B9FF52D466CEA00CD22B9 /* MessageUI.framework in Frameworks */ = {isa = PBXBuildFile; fileRef = 182B9FF42D466CEA00CD22B9 /* MessageUI.framework */; };
		182B9FF72D466D0700CD22B9 /* CoreServices.framework in Frameworks */ = {isa = PBXBuildFile; fileRef = 182B9FF62D466D0700CD22B9 /* CoreServices.framework */; };
		182B9FF92D466D1300CD22B9 /* Security.framework in Frameworks */ = {isa = PBXBuildFile; fileRef = 182B9FF82D466D1300CD22B9 /* Security.framework */; };
		182B9FFB2D466D2000CD22B9 /* SystemConfiguration.framework in Frameworks */ = {isa = PBXBuildFile; fileRef = 182B9FFA2D466D2000CD22B9 /* SystemConfiguration.framework */; };
		182B9FFF2D466D4700CD22B9 /* ImageIO.framework in Frameworks */ = {isa = PBXBuildFile; fileRef = 182B9FFE2D466D4700CD22B9 /* ImageIO.framework */; };
		182BA0012D466D5000CD22B9 /* LocalAuthentication.framework in Frameworks */ = {isa = PBXBuildFile; fileRef = 182BA0002D466D5000CD22B9 /* LocalAuthentication.framework */; };
		182BA0032D466D5B00CD22B9 /* AudioToolbox.framework in Frameworks */ = {isa = PBXBuildFile; fileRef = 182BA0022D466D5B00CD22B9 /* AudioToolbox.framework */; };
		182BA0052D466D6600CD22B9 /* QuartzCore.framework in Frameworks */ = {isa = PBXBuildFile; fileRef = 182BA0042D466D6600CD22B9 /* QuartzCore.framework */; };
		182BA0072D466D6F00CD22B9 /* WebKit.framework in Frameworks */ = {isa = PBXBuildFile; fileRef = 182BA0062D466D6F00CD22B9 /* WebKit.framework */; };
		182BA0092D466D7D00CD22B9 /* MetricKit.framework in Frameworks */ = {isa = PBXBuildFile; fileRef = 182BA0082D466D7D00CD22B9 /* MetricKit.framework */; };
		182BA0562D46844100CD22B9 /* IntuneMAMSwift.xcframework in Frameworks */ = {isa = PBXBuildFile; fileRef = 182BA0542D46844100CD22B9 /* IntuneMAMSwift.xcframework */; };
		182BA0572D46844100CD22B9 /* IntuneMAMSwift.xcframework in Embed Frameworks */ = {isa = PBXBuildFile; fileRef = 182BA0542D46844100CD22B9 /* IntuneMAMSwift.xcframework */; settings = {ATTRIBUTES = (CodeSignOnCopy, RemoveHeadersOnCopy, ); }; };
		182BA0582D46844100CD22B9 /* IntuneMAMSwiftStub.xcframework in Frameworks */ = {isa = PBXBuildFile; fileRef = 182BA0552D46844100CD22B9 /* IntuneMAMSwiftStub.xcframework */; };
		182BA0592D46844100CD22B9 /* IntuneMAMSwiftStub.xcframework in Embed Frameworks */ = {isa = PBXBuildFile; fileRef = 182BA0552D46844100CD22B9 /* IntuneMAMSwiftStub.xcframework */; settings = {ATTRIBUTES = (CodeSignOnCopy, RemoveHeadersOnCopy, ); }; };
		182BA0602D469B8000CD22B9 /* MSAL.xcframework in Frameworks */ = {isa = PBXBuildFile; fileRef = 182BA05F2D469B8000CD22B9 /* MSAL.xcframework */; };
		182BA0612D469B8100CD22B9 /* MSAL.xcframework in Embed Frameworks */ = {isa = PBXBuildFile; fileRef = 182BA05F2D469B8000CD22B9 /* MSAL.xcframework */; settings = {ATTRIBUTES = (CodeSignOnCopy, RemoveHeadersOnCopy, ); }; };
/* End PBXBuildFile section */

/* Begin PBXContainerItemProxy section */
		182B9FCF2D466AB100CD22B9 /* PBXContainerItemProxy */ = {
			isa = PBXContainerItemProxy;
			containerPortal = 182B9FB02D466AAE00CD22B9 /* Project object */;
			proxyType = 1;
			remoteGlobalIDString = 182B9FB72D466AAE00CD22B9;
			remoteInfo = loginandEnrollAccount;
		};
		182B9FD92D466AB100CD22B9 /* PBXContainerItemProxy */ = {
			isa = PBXContainerItemProxy;
			containerPortal = 182B9FB02D466AAE00CD22B9 /* Project object */;
			proxyType = 1;
			remoteGlobalIDString = 182B9FB72D466AAE00CD22B9;
			remoteInfo = loginandEnrollAccount;
		};
/* End PBXContainerItemProxy section */

/* Begin PBXCopyFilesBuildPhase section */
		182BA05A2D46844100CD22B9 /* Embed Frameworks */ = {
			isa = PBXCopyFilesBuildPhase;
			buildActionMask = 2147483647;
			dstPath = "";
			dstSubfolderSpec = 10;
			files = (
				182BA0612D469B8100CD22B9 /* MSAL.xcframework in Embed Frameworks */,
				182BA0592D46844100CD22B9 /* IntuneMAMSwiftStub.xcframework in Embed Frameworks */,
				182BA0572D46844100CD22B9 /* IntuneMAMSwift.xcframework in Embed Frameworks */,
			);
			name = "Embed Frameworks";
			runOnlyForDeploymentPostprocessing = 0;
		};
/* End PBXCopyFilesBuildPhase section */

/* Begin PBXFileReference section */
		182B9FB82D466AAE00CD22B9 /* loginandEnrollAccount.app */ = {isa = PBXFileReference; explicitFileType = wrapper.application; includeInIndex = 0; path = loginandEnrollAccount.app; sourceTree = BUILT_PRODUCTS_DIR; };
		182B9FCE2D466AB100CD22B9 /* loginandEnrollAccountTests.xctest */ = {isa = PBXFileReference; explicitFileType = wrapper.cfbundle; includeInIndex = 0; path = loginandEnrollAccountTests.xctest; sourceTree = BUILT_PRODUCTS_DIR; };
		182B9FD82D466AB100CD22B9 /* loginandEnrollAccountUITests.xctest */ = {isa = PBXFileReference; explicitFileType = wrapper.cfbundle; includeInIndex = 0; path = loginandEnrollAccountUITests.xctest; sourceTree = BUILT_PRODUCTS_DIR; };
		182B9FF42D466CEA00CD22B9 /* MessageUI.framework */ = {isa = PBXFileReference; lastKnownFileType = wrapper.framework; name = MessageUI.framework; path = System/Library/Frameworks/MessageUI.framework; sourceTree = SDKROOT; };
		182B9FF62D466D0700CD22B9 /* CoreServices.framework */ = {isa = PBXFileReference; lastKnownFileType = wrapper.framework; name = CoreServices.framework; path = System/Library/Frameworks/CoreServices.framework; sourceTree = SDKROOT; };
		182B9FF82D466D1300CD22B9 /* Security.framework */ = {isa = PBXFileReference; lastKnownFileType = wrapper.framework; name = Security.framework; path = System/Library/Frameworks/Security.framework; sourceTree = SDKROOT; };
		182B9FFA2D466D2000CD22B9 /* SystemConfiguration.framework */ = {isa = PBXFileReference; lastKnownFileType = wrapper.framework; name = SystemConfiguration.framework; path = System/Library/Frameworks/SystemConfiguration.framework; sourceTree = SDKROOT; };
		182B9FFC2D466D2A00CD22B9 /* libsqlite3.tbd */ = {isa = PBXFileReference; lastKnownFileType = "sourcecode.text-based-dylib-definition"; name = libsqlite3.tbd; path = usr/lib/libsqlite3.tbd; sourceTree = SDKROOT; };
		182B9FFD2D466D3D00CD22B9 /* libc++.tbd */ = {isa = PBXFileReference; lastKnownFileType = "sourcecode.text-based-dylib-definition"; name = "libc++.tbd"; path = "usr/lib/libc++.tbd"; sourceTree = SDKROOT; };
		182B9FFE2D466D4700CD22B9 /* ImageIO.framework */ = {isa = PBXFileReference; lastKnownFileType = wrapper.framework; name = ImageIO.framework; path = System/Library/Frameworks/ImageIO.framework; sourceTree = SDKROOT; };
		182BA0002D466D5000CD22B9 /* LocalAuthentication.framework */ = {isa = PBXFileReference; lastKnownFileType = wrapper.framework; name = LocalAuthentication.framework; path = System/Library/Frameworks/LocalAuthentication.framework; sourceTree = SDKROOT; };
		182BA0022D466D5B00CD22B9 /* AudioToolbox.framework */ = {isa = PBXFileReference; lastKnownFileType = wrapper.framework; name = AudioToolbox.framework; path = System/Library/Frameworks/AudioToolbox.framework; sourceTree = SDKROOT; };
		182BA0042D466D6600CD22B9 /* QuartzCore.framework */ = {isa = PBXFileReference; lastKnownFileType = wrapper.framework; name = QuartzCore.framework; path = System/Library/Frameworks/QuartzCore.framework; sourceTree = SDKROOT; };
		182BA0062D466D6F00CD22B9 /* WebKit.framework */ = {isa = PBXFileReference; lastKnownFileType = wrapper.framework; name = WebKit.framework; path = System/Library/Frameworks/WebKit.framework; sourceTree = SDKROOT; };
		182BA0082D466D7D00CD22B9 /* MetricKit.framework */ = {isa = PBXFileReference; lastKnownFileType = wrapper.framework; name = MetricKit.framework; path = System/Library/Frameworks/MetricKit.framework; sourceTree = SDKROOT; };
		182BA0542D46844100CD22B9 /* IntuneMAMSwift.xcframework */ = {isa = PBXFileReference; lastKnownFileType = wrapper.xcframework; name = IntuneMAMSwift.xcframework; path = "../../../../Downloads/IntuneSDK/ms-intune-app-sdk-ios/IntuneMAMSwift.xcframework"; sourceTree = "<group>"; };
		182BA0552D46844100CD22B9 /* IntuneMAMSwiftStub.xcframework */ = {isa = PBXFileReference; lastKnownFileType = wrapper.xcframework; name = IntuneMAMSwiftStub.xcframework; path = "../../../../Downloads/IntuneSDK/ms-intune-app-sdk-ios/IntuneMAMSwiftStub.xcframework"; sourceTree = "<group>"; };
		182BA05F2D469B8000CD22B9 /* MSAL.xcframework */ = {isa = PBXFileReference; expectedSignature = "AppleDeveloperProgram:UBF8T346G9:Microsoft Corporation"; lastKnownFileType = wrapper.xcframework; name = MSAL.xcframework; path = ../../../../Downloads/MSAL.xcframework; sourceTree = "<group>"; };
/* End PBXFileReference section */

/* Begin PBXFileSystemSynchronizedBuildFileExceptionSet section */
		182B9FE02D466AB100CD22B9 /* Exceptions for "loginandEnrollAccount" folder in "loginandEnrollAccount" target */ = {
			isa = PBXFileSystemSynchronizedBuildFileExceptionSet;
			membershipExceptions = (
				Info.plist,
			);
			target = 182B9FB72D466AAE00CD22B9 /* loginandEnrollAccount */;
		};
/* End PBXFileSystemSynchronizedBuildFileExceptionSet section */

/* Begin PBXFileSystemSynchronizedRootGroup section */
		182B9FBA2D466AAE00CD22B9 /* loginandEnrollAccount */ = {
			isa = PBXFileSystemSynchronizedRootGroup;
			exceptions = (
				182B9FE02D466AB100CD22B9 /* Exceptions for "loginandEnrollAccount" folder in "loginandEnrollAccount" target */,
			);
			path = loginandEnrollAccount;
			sourceTree = "<group>";
		};
		182B9FD12D466AB100CD22B9 /* loginandEnrollAccountTests */ = {
			isa = PBXFileSystemSynchronizedRootGroup;
			path = loginandEnrollAccountTests;
			sourceTree = "<group>";
		};
		182B9FDB2D466AB100CD22B9 /* loginandEnrollAccountUITests */ = {
			isa = PBXFileSystemSynchronizedRootGroup;
			path = loginandEnrollAccountUITests;
			sourceTree = "<group>";
		};
/* End PBXFileSystemSynchronizedRootGroup section */

/* Begin PBXFrameworksBuildPhase section */
		182B9FB52D466AAE00CD22B9 /* Frameworks */ = {
			isa = PBXFrameworksBuildPhase;
			buildActionMask = 2147483647;
			files = (
				182BA0562D46844100CD22B9 /* IntuneMAMSwift.xcframework in Frameworks */,
				182BA0052D466D6600CD22B9 /* QuartzCore.framework in Frameworks */,
				182B9FF92D466D1300CD22B9 /* Security.framework in Frameworks */,
				182B9FFF2D466D4700CD22B9 /* ImageIO.framework in Frameworks */,
				182BA0012D466D5000CD22B9 /* LocalAuthentication.framework in Frameworks */,
				182BA0032D466D5B00CD22B9 /* AudioToolbox.framework in Frameworks */,
				182BA0092D466D7D00CD22B9 /* MetricKit.framework in Frameworks */,
				182B9FF52D466CEA00CD22B9 /* MessageUI.framework in Frameworks */,
				182B9FFB2D466D2000CD22B9 /* SystemConfiguration.framework in Frameworks */,
				182B9FF72D466D0700CD22B9 /* CoreServices.framework in Frameworks */,
				182BA0582D46844100CD22B9 /* IntuneMAMSwiftStub.xcframework in Frameworks */,
				182BA0602D469B8000CD22B9 /* MSAL.xcframework in Frameworks */,
				182BA0072D466D6F00CD22B9 /* WebKit.framework in Frameworks */,
			);
			runOnlyForDeploymentPostprocessing = 0;
		};
		182B9FCB2D466AB100CD22B9 /* Frameworks */ = {
			isa = PBXFrameworksBuildPhase;
			buildActionMask = 2147483647;
			files = (
			);
			runOnlyForDeploymentPostprocessing = 0;
		};
		182B9FD52D466AB100CD22B9 /* Frameworks */ = {
			isa = PBXFrameworksBuildPhase;
			buildActionMask = 2147483647;
			files = (
			);
			runOnlyForDeploymentPostprocessing = 0;
		};
/* End PBXFrameworksBuildPhase section */

/* Begin PBXGroup section */
		182B9FAF2D466AAE00CD22B9 = {
			isa = PBXGroup;
			children = (
				182B9FBA2D466AAE00CD22B9 /* loginandEnrollAccount */,
				182B9FD12D466AB100CD22B9 /* loginandEnrollAccountTests */,
				182B9FDB2D466AB100CD22B9 /* loginandEnrollAccountUITests */,
				182B9FEC2D466C9600CD22B9 /* Frameworks */,
				182B9FB92D466AAE00CD22B9 /* Products */,
			);
			sourceTree = "<group>";
		};
		182B9FB92D466AAE00CD22B9 /* Products */ = {
			isa = PBXGroup;
			children = (
				182B9FB82D466AAE00CD22B9 /* loginandEnrollAccount.app */,
				182B9FCE2D466AB100CD22B9 /* loginandEnrollAccountTests.xctest */,
				182B9FD82D466AB100CD22B9 /* loginandEnrollAccountUITests.xctest */,
			);
			name = Products;
			sourceTree = "<group>";
		};
		182B9FEC2D466C9600CD22B9 /* Frameworks */ = {
			isa = PBXGroup;
			children = (
				182BA05F2D469B8000CD22B9 /* MSAL.xcframework */,
				182BA0542D46844100CD22B9 /* IntuneMAMSwift.xcframework */,
				182BA0552D46844100CD22B9 /* IntuneMAMSwiftStub.xcframework */,
				182BA0082D466D7D00CD22B9 /* MetricKit.framework */,
				182BA0062D466D6F00CD22B9 /* WebKit.framework */,
				182BA0042D466D6600CD22B9 /* QuartzCore.framework */,
				182BA0022D466D5B00CD22B9 /* AudioToolbox.framework */,
				182BA0002D466D5000CD22B9 /* LocalAuthentication.framework */,
				182B9FFE2D466D4700CD22B9 /* ImageIO.framework */,
				182B9FFD2D466D3D00CD22B9 /* libc++.tbd */,
				182B9FFC2D466D2A00CD22B9 /* libsqlite3.tbd */,
				182B9FFA2D466D2000CD22B9 /* SystemConfiguration.framework */,
				182B9FF82D466D1300CD22B9 /* Security.framework */,
				182B9FF62D466D0700CD22B9 /* CoreServices.framework */,
				182B9FF42D466CEA00CD22B9 /* MessageUI.framework */,
			);
			name = Frameworks;
			path = ../../../../../../../../../Users/rchisman/Documents/Projects/Intune/loginandEnrollAccount;
			sourceTree = SDKROOT;
		};
/* End PBXGroup section */

/* Begin PBXNativeTarget section */
		182B9FB72D466AAE00CD22B9 /* loginandEnrollAccount */ = {
			isa = PBXNativeTarget;
			buildConfigurationList = 182B9FE12D466AB100CD22B9 /* Build configuration list for PBXNativeTarget "loginandEnrollAccount" */;
			buildPhases = (
				182B9FB42D466AAE00CD22B9 /* Sources */,
				182B9FB52D466AAE00CD22B9 /* Frameworks */,
				182B9FB62D466AAE00CD22B9 /* Resources */,
				182BA05A2D46844100CD22B9 /* Embed Frameworks */,
			);
			buildRules = (
			);
			dependencies = (
			);
			fileSystemSynchronizedGroups = (
				182B9FBA2D466AAE00CD22B9 /* loginandEnrollAccount */,
			);
			name = loginandEnrollAccount;
			packageProductDependencies = (
			);
			productName = loginandEnrollAccount;
			productReference = 182B9FB82D466AAE00CD22B9 /* loginandEnrollAccount.app */;
			productType = "com.apple.product-type.application";
		};
		182B9FCD2D466AB100CD22B9 /* loginandEnrollAccountTests */ = {
			isa = PBXNativeTarget;
			buildConfigurationList = 182B9FE62D466AB100CD22B9 /* Build configuration list for PBXNativeTarget "loginandEnrollAccountTests" */;
			buildPhases = (
				182B9FCA2D466AB100CD22B9 /* Sources */,
				182B9FCB2D466AB100CD22B9 /* Frameworks */,
				182B9FCC2D466AB100CD22B9 /* Resources */,
			);
			buildRules = (
			);
			dependencies = (
				182B9FD02D466AB100CD22B9 /* PBXTargetDependency */,
			);
			fileSystemSynchronizedGroups = (
				182B9FD12D466AB100CD22B9 /* loginandEnrollAccountTests */,
			);
			name = loginandEnrollAccountTests;
			packageProductDependencies = (
			);
			productName = loginandEnrollAccountTests;
			productReference = 182B9FCE2D466AB100CD22B9 /* loginandEnrollAccountTests.xctest */;
			productType = "com.apple.product-type.bundle.unit-test";
		};
		182B9FD72D466AB100CD22B9 /* loginandEnrollAccountUITests */ = {
			isa = PBXNativeTarget;
			buildConfigurationList = 182B9FE92D466AB100CD22B9 /* Build configuration list for PBXNativeTarget "loginandEnrollAccountUITests" */;
			buildPhases = (
				182B9FD42D466AB100CD22B9 /* Sources */,
				182B9FD52D466AB100CD22B9 /* Frameworks */,
				182B9FD62D466AB100CD22B9 /* Resources */,
			);
			buildRules = (
			);
			dependencies = (
				182B9FDA2D466AB100CD22B9 /* PBXTargetDependency */,
			);
			fileSystemSynchronizedGroups = (
				182B9FDB2D466AB100CD22B9 /* loginandEnrollAccountUITests */,
			);
			name = loginandEnrollAccountUITests;
			packageProductDependencies = (
			);
			productName = loginandEnrollAccountUITests;
			productReference = 182B9FD82D466AB100CD22B9 /* loginandEnrollAccountUITests.xctest */;
			productType = "com.apple.product-type.bundle.ui-testing";
		};
/* End PBXNativeTarget section */

/* Begin PBXProject section */
		182B9FB02D466AAE00CD22B9 /* Project object */ = {
			isa = PBXProject;
			attributes = {
				BuildIndependentTargetsInParallel = 1;
				LastSwiftUpdateCheck = 1620;
				LastUpgradeCheck = 1620;
				TargetAttributes = {
					182B9FB72D466AAE00CD22B9 = {
						CreatedOnToolsVersion = 16.2;
					};
					182B9FCD2D466AB100CD22B9 = {
						CreatedOnToolsVersion = 16.2;
						TestTargetID = 182B9FB72D466AAE00CD22B9;
					};
					182B9FD72D466AB100CD22B9 = {
						CreatedOnToolsVersion = 16.2;
						TestTargetID = 182B9FB72D466AAE00CD22B9;
					};
				};
			};
			buildConfigurationList = 182B9FB32D466AAE00CD22B9 /* Build configuration list for PBXProject "loginandEnrollAccount" */;
			developmentRegion = en;
			hasScannedForEncodings = 0;
			knownRegions = (
				en,
				Base,
			);
			mainGroup = 182B9FAF2D466AAE00CD22B9;
			minimizedProjectReferenceProxies = 1;
			preferredProjectObjectVersion = 77;
			productRefGroup = 182B9FB92D466AAE00CD22B9 /* Products */;
			projectDirPath = "";
			projectRoot = "";
			targets = (
				182B9FB72D466AAE00CD22B9 /* loginandEnrollAccount */,
				182B9FCD2D466AB100CD22B9 /* loginandEnrollAccountTests */,
				182B9FD72D466AB100CD22B9 /* loginandEnrollAccountUITests */,
			);
		};
/* End PBXProject section */

/* Begin PBXResourcesBuildPhase section */
		182B9FB62D466AAE00CD22B9 /* Resources */ = {
			isa = PBXResourcesBuildPhase;
			buildActionMask = 2147483647;
			files = (
			);
			runOnlyForDeploymentPostprocessing = 0;
		};
		182B9FCC2D466AB100CD22B9 /* Resources */ = {
			isa = PBXResourcesBuildPhase;
			buildActionMask = 2147483647;
			files = (
			);
			runOnlyForDeploymentPostprocessing = 0;
		};
		182B9FD62D466AB100CD22B9 /* Resources */ = {
			isa = PBXResourcesBuildPhase;
			buildActionMask = 2147483647;
			files = (
			);
			runOnlyForDeploymentPostprocessing = 0;
		};
/* End PBXResourcesBuildPhase section */

/* Begin PBXSourcesBuildPhase section */
		182B9FB42D466AAE00CD22B9 /* Sources */ = {
			isa = PBXSourcesBuildPhase;
			buildActionMask = 2147483647;
			files = (
			);
			runOnlyForDeploymentPostprocessing = 0;
		};
		182B9FCA2D466AB100CD22B9 /* Sources */ = {
			isa = PBXSourcesBuildPhase;
			buildActionMask = 2147483647;
			files = (
			);
			runOnlyForDeploymentPostprocessing = 0;
		};
		182B9FD42D466AB100CD22B9 /* Sources */ = {
			isa = PBXSourcesBuildPhase;
			buildActionMask = 2147483647;
			files = (
			);
			runOnlyForDeploymentPostprocessing = 0;
		};
/* End PBXSourcesBuildPhase section */

/* Begin PBXTargetDependency section */
		182B9FD02D466AB100CD22B9 /* PBXTargetDependency */ = {
			isa = PBXTargetDependency;
			target = 182B9FB72D466AAE00CD22B9 /* loginandEnrollAccount */;
			targetProxy = 182B9FCF2D466AB100CD22B9 /* PBXContainerItemProxy */;
		};
		182B9FDA2D466AB100CD22B9 /* PBXTargetDependency */ = {
			isa = PBXTargetDependency;
			target = 182B9FB72D466AAE00CD22B9 /* loginandEnrollAccount */;
			targetProxy = 182B9FD92D466AB100CD22B9 /* PBXContainerItemProxy */;
		};
/* End PBXTargetDependency section */

/* Begin XCBuildConfiguration section */
		182B9FE22D466AB100CD22B9 /* Debug */ = {
			isa = XCBuildConfiguration;
			buildSettings = {
				ASSETCATALOG_COMPILER_APPICON_NAME = AppIcon;
				ASSETCATALOG_COMPILER_GLOBAL_ACCENT_COLOR_NAME = AccentColor;
				CODE_SIGN_ENTITLEMENTS = loginandEnrollAccount/loginandEnrollAccount.entitlements;
				CODE_SIGN_STYLE = Automatic;
				CURRENT_PROJECT_VERSION = 1;
				GENERATE_INFOPLIST_FILE = YES;
				INFOPLIST_FILE = loginandEnrollAccount/Info.plist;
				INFOPLIST_KEY_UIApplicationSupportsIndirectInputEvents = YES;
				INFOPLIST_KEY_UILaunchStoryboardName = LaunchScreen;
				INFOPLIST_KEY_UIMainStoryboardFile = Main;
				INFOPLIST_KEY_UISupportedInterfaceOrientations_iPad = "UIInterfaceOrientationPortrait UIInterfaceOrientationPortraitUpsideDown UIInterfaceOrientationLandscapeLeft UIInterfaceOrientationLandscapeRight";
				INFOPLIST_KEY_UISupportedInterfaceOrientations_iPhone = "UIInterfaceOrientationPortrait UIInterfaceOrientationLandscapeLeft UIInterfaceOrientationLandscapeRight";
				LD_RUNPATH_SEARCH_PATHS = (
					"$(inherited)",
					"@executable_path/Frameworks",
				);
				MARKETING_VERSION = 1.0;
				PRODUCT_BUNDLE_IDENTIFIER = com.redmond.loginandEnrollAccount;
				PRODUCT_NAME = "$(TARGET_NAME)";
				SWIFT_EMIT_LOC_STRINGS = YES;
				SWIFT_VERSION = 5.0;
				TARGETED_DEVICE_FAMILY = "1,2";
			};
			name = Debug;
		};
		182B9FE32D466AB100CD22B9 /* Release */ = {
			isa = XCBuildConfiguration;
			buildSettings = {
				ASSETCATALOG_COMPILER_APPICON_NAME = AppIcon;
				ASSETCATALOG_COMPILER_GLOBAL_ACCENT_COLOR_NAME = AccentColor;
				CODE_SIGN_ENTITLEMENTS = loginandEnrollAccount/loginandEnrollAccount.entitlements;
				CODE_SIGN_STYLE = Automatic;
				CURRENT_PROJECT_VERSION = 1;
				GENERATE_INFOPLIST_FILE = YES;
				INFOPLIST_FILE = loginandEnrollAccount/Info.plist;
				INFOPLIST_KEY_UIApplicationSupportsIndirectInputEvents = YES;
				INFOPLIST_KEY_UILaunchStoryboardName = LaunchScreen;
				INFOPLIST_KEY_UIMainStoryboardFile = Main;
				INFOPLIST_KEY_UISupportedInterfaceOrientations_iPad = "UIInterfaceOrientationPortrait UIInterfaceOrientationPortraitUpsideDown UIInterfaceOrientationLandscapeLeft UIInterfaceOrientationLandscapeRight";
				INFOPLIST_KEY_UISupportedInterfaceOrientations_iPhone = "UIInterfaceOrientationPortrait UIInterfaceOrientationLandscapeLeft UIInterfaceOrientationLandscapeRight";
				LD_RUNPATH_SEARCH_PATHS = (
					"$(inherited)",
					"@executable_path/Frameworks",
				);
				MARKETING_VERSION = 1.0;
				PRODUCT_BUNDLE_IDENTIFIER = com.redmond.loginandEnrollAccount;
				PRODUCT_NAME = "$(TARGET_NAME)";
				SWIFT_EMIT_LOC_STRINGS = YES;
				SWIFT_VERSION = 5.0;
				TARGETED_DEVICE_FAMILY = "1,2";
			};
			name = Release;
		};
		182B9FE42D466AB100CD22B9 /* Debug */ = {
			isa = XCBuildConfiguration;
			buildSettings = {
				ALWAYS_SEARCH_USER_PATHS = NO;
				ASSETCATALOG_COMPILER_GENERATE_SWIFT_ASSET_SYMBOL_EXTENSIONS = YES;
				CLANG_ANALYZER_NONNULL = YES;
				CLANG_ANALYZER_NUMBER_OBJECT_CONVERSION = YES_AGGRESSIVE;
				CLANG_CXX_LANGUAGE_STANDARD = "gnu++20";
				CLANG_ENABLE_MODULES = YES;
				CLANG_ENABLE_OBJC_ARC = YES;
				CLANG_ENABLE_OBJC_WEAK = YES;
				CLANG_WARN_BLOCK_CAPTURE_AUTORELEASING = YES;
				CLANG_WARN_BOOL_CONVERSION = YES;
				CLANG_WARN_COMMA = YES;
				CLANG_WARN_CONSTANT_CONVERSION = YES;
				CLANG_WARN_DEPRECATED_OBJC_IMPLEMENTATIONS = YES;
				CLANG_WARN_DIRECT_OBJC_ISA_USAGE = YES_ERROR;
				CLANG_WARN_DOCUMENTATION_COMMENTS = YES;
				CLANG_WARN_EMPTY_BODY = YES;
				CLANG_WARN_ENUM_CONVERSION = YES;
				CLANG_WARN_INFINITE_RECURSION = YES;
				CLANG_WARN_INT_CONVERSION = YES;
				CLANG_WARN_NON_LITERAL_NULL_CONVERSION = YES;
				CLANG_WARN_OBJC_IMPLICIT_RETAIN_SELF = YES;
				CLANG_WARN_OBJC_LITERAL_CONVERSION = YES;
				CLANG_WARN_OBJC_ROOT_CLASS = YES_ERROR;
				CLANG_WARN_QUOTED_INCLUDE_IN_FRAMEWORK_HEADER = YES;
				CLANG_WARN_RANGE_LOOP_ANALYSIS = YES;
				CLANG_WARN_STRICT_PROTOTYPES = YES;
				CLANG_WARN_SUSPICIOUS_MOVE = YES;
				CLANG_WARN_UNGUARDED_AVAILABILITY = YES_AGGRESSIVE;
				CLANG_WARN_UNREACHABLE_CODE = YES;
				CLANG_WARN__DUPLICATE_METHOD_MATCH = YES;
				COPY_PHASE_STRIP = NO;
				DEBUG_INFORMATION_FORMAT = dwarf;
				ENABLE_STRICT_OBJC_MSGSEND = YES;
				ENABLE_TESTABILITY = YES;
				ENABLE_USER_SCRIPT_SANDBOXING = YES;
				GCC_C_LANGUAGE_STANDARD = gnu17;
				GCC_DYNAMIC_NO_PIC = NO;
				GCC_NO_COMMON_BLOCKS = YES;
				GCC_OPTIMIZATION_LEVEL = 0;
				GCC_PREPROCESSOR_DEFINITIONS = (
					"DEBUG=1",
					"$(inherited)",
				);
				GCC_WARN_64_TO_32_BIT_CONVERSION = YES;
				GCC_WARN_ABOUT_RETURN_TYPE = YES_ERROR;
				GCC_WARN_UNDECLARED_SELECTOR = YES;
				GCC_WARN_UNINITIALIZED_AUTOS = YES_AGGRESSIVE;
				GCC_WARN_UNUSED_FUNCTION = YES;
				GCC_WARN_UNUSED_VARIABLE = YES;
				IPHONEOS_DEPLOYMENT_TARGET = 18.2;
				LOCALIZATION_PREFERS_STRING_CATALOGS = YES;
				MTL_ENABLE_DEBUG_INFO = INCLUDE_SOURCE;
				MTL_FAST_MATH = YES;
				ONLY_ACTIVE_ARCH = YES;
				SDKROOT = iphoneos;
				SWIFT_ACTIVE_COMPILATION_CONDITIONS = "DEBUG $(inherited)";
				SWIFT_OPTIMIZATION_LEVEL = "-Onone";
			};
			name = Debug;
		};
		182B9FE52D466AB100CD22B9 /* Release */ = {
			isa = XCBuildConfiguration;
			buildSettings = {
				ALWAYS_SEARCH_USER_PATHS = NO;
				ASSETCATALOG_COMPILER_GENERATE_SWIFT_ASSET_SYMBOL_EXTENSIONS = YES;
				CLANG_ANALYZER_NONNULL = YES;
				CLANG_ANALYZER_NUMBER_OBJECT_CONVERSION = YES_AGGRESSIVE;
				CLANG_CXX_LANGUAGE_STANDARD = "gnu++20";
				CLANG_ENABLE_MODULES = YES;
				CLANG_ENABLE_OBJC_ARC = YES;
				CLANG_ENABLE_OBJC_WEAK = YES;
				CLANG_WARN_BLOCK_CAPTURE_AUTORELEASING = YES;
				CLANG_WARN_BOOL_CONVERSION = YES;
				CLANG_WARN_COMMA = YES;
				CLANG_WARN_CONSTANT_CONVERSION = YES;
				CLANG_WARN_DEPRECATED_OBJC_IMPLEMENTATIONS = YES;
				CLANG_WARN_DIRECT_OBJC_ISA_USAGE = YES_ERROR;
				CLANG_WARN_DOCUMENTATION_COMMENTS = YES;
				CLANG_WARN_EMPTY_BODY = YES;
				CLANG_WARN_ENUM_CONVERSION = YES;
				CLANG_WARN_INFINITE_RECURSION = YES;
				CLANG_WARN_INT_CONVERSION = YES;
				CLANG_WARN_NON_LITERAL_NULL_CONVERSION = YES;
				CLANG_WARN_OBJC_IMPLICIT_RETAIN_SELF = YES;
				CLANG_WARN_OBJC_LITERAL_CONVERSION = YES;
				CLANG_WARN_OBJC_ROOT_CLASS = YES_ERROR;
				CLANG_WARN_QUOTED_INCLUDE_IN_FRAMEWORK_HEADER = YES;
				CLANG_WARN_RANGE_LOOP_ANALYSIS = YES;
				CLANG_WARN_STRICT_PROTOTYPES = YES;
				CLANG_WARN_SUSPICIOUS_MOVE = YES;
				CLANG_WARN_UNGUARDED_AVAILABILITY = YES_AGGRESSIVE;
				CLANG_WARN_UNREACHABLE_CODE = YES;
				CLANG_WARN__DUPLICATE_METHOD_MATCH = YES;
				COPY_PHASE_STRIP = NO;
				DEBUG_INFORMATION_FORMAT = "dwarf-with-dsym";
				ENABLE_NS_ASSERTIONS = NO;
				ENABLE_STRICT_OBJC_MSGSEND = YES;
				ENABLE_USER_SCRIPT_SANDBOXING = YES;
				GCC_C_LANGUAGE_STANDARD = gnu17;
				GCC_NO_COMMON_BLOCKS = YES;
				GCC_WARN_64_TO_32_BIT_CONVERSION = YES;
				GCC_WARN_ABOUT_RETURN_TYPE = YES_ERROR;
				GCC_WARN_UNDECLARED_SELECTOR = YES;
				GCC_WARN_UNINITIALIZED_AUTOS = YES_AGGRESSIVE;
				GCC_WARN_UNUSED_FUNCTION = YES;
				GCC_WARN_UNUSED_VARIABLE = YES;
				IPHONEOS_DEPLOYMENT_TARGET = 18.2;
				LOCALIZATION_PREFERS_STRING_CATALOGS = YES;
				MTL_ENABLE_DEBUG_INFO = NO;
				MTL_FAST_MATH = YES;
				SDKROOT = iphoneos;
				SWIFT_COMPILATION_MODE = wholemodule;
				VALIDATE_PRODUCT = YES;
			};
			name = Release;
		};
		182B9FE72D466AB100CD22B9 /* Debug */ = {
			isa = XCBuildConfiguration;
			buildSettings = {
				BUNDLE_LOADER = "$(TEST_HOST)";
				CODE_SIGN_STYLE = Automatic;
				CURRENT_PROJECT_VERSION = 1;
				GENERATE_INFOPLIST_FILE = YES;
				IPHONEOS_DEPLOYMENT_TARGET = 18.2;
				MARKETING_VERSION = 1.0;
				PRODUCT_BUNDLE_IDENTIFIER = com.redmond.loginandEnrollAccountTests;
				PRODUCT_NAME = "$(TARGET_NAME)";
				SWIFT_EMIT_LOC_STRINGS = NO;
				SWIFT_VERSION = 5.0;
				TARGETED_DEVICE_FAMILY = "1,2";
				TEST_HOST = "$(BUILT_PRODUCTS_DIR)/loginandEnrollAccount.app/$(BUNDLE_EXECUTABLE_FOLDER_PATH)/loginandEnrollAccount";
			};
			name = Debug;
		};
		182B9FE82D466AB100CD22B9 /* Release */ = {
			isa = XCBuildConfiguration;
			buildSettings = {
				BUNDLE_LOADER = "$(TEST_HOST)";
				CODE_SIGN_STYLE = Automatic;
				CURRENT_PROJECT_VERSION = 1;
				GENERATE_INFOPLIST_FILE = YES;
				IPHONEOS_DEPLOYMENT_TARGET = 18.2;
				MARKETING_VERSION = 1.0;
				PRODUCT_BUNDLE_IDENTIFIER = com.redmond.loginandEnrollAccountTests;
				PRODUCT_NAME = "$(TARGET_NAME)";
				SWIFT_EMIT_LOC_STRINGS = NO;
				SWIFT_VERSION = 5.0;
				TARGETED_DEVICE_FAMILY = "1,2";
				TEST_HOST = "$(BUILT_PRODUCTS_DIR)/loginandEnrollAccount.app/$(BUNDLE_EXECUTABLE_FOLDER_PATH)/loginandEnrollAccount";
			};
			name = Release;
		};
		182B9FEA2D466AB100CD22B9 /* Debug */ = {
			isa = XCBuildConfiguration;
			buildSettings = {
				CODE_SIGN_STYLE = Automatic;
				CURRENT_PROJECT_VERSION = 1;
				GENERATE_INFOPLIST_FILE = YES;
				MARKETING_VERSION = 1.0;
				PRODUCT_BUNDLE_IDENTIFIER = com.redmond.loginandEnrollAccountUITests;
				PRODUCT_NAME = "$(TARGET_NAME)";
				SWIFT_EMIT_LOC_STRINGS = NO;
				SWIFT_VERSION = 5.0;
				TARGETED_DEVICE_FAMILY = "1,2";
				TEST_TARGET_NAME = loginandEnrollAccount;
			};
			name = Debug;
		};
		182B9FEB2D466AB100CD22B9 /* Release */ = {
			isa = XCBuildConfiguration;
			buildSettings = {
				CODE_SIGN_STYLE = Automatic;
				CURRENT_PROJECT_VERSION = 1;
				GENERATE_INFOPLIST_FILE = YES;
				MARKETING_VERSION = 1.0;
				PRODUCT_BUNDLE_IDENTIFIER = com.redmond.loginandEnrollAccountUITests;
				PRODUCT_NAME = "$(TARGET_NAME)";
				SWIFT_EMIT_LOC_STRINGS = NO;
				SWIFT_VERSION = 5.0;
				TARGETED_DEVICE_FAMILY = "1,2";
				TEST_TARGET_NAME = loginandEnrollAccount;
			};
			name = Release;
		};
/* End XCBuildConfiguration section */

/* Begin XCConfigurationList section */
		182B9FB32D466AAE00CD22B9 /* Build configuration list for PBXProject "loginandEnrollAccount" */ = {
			isa = XCConfigurationList;
			buildConfigurations = (
				182B9FE42D466AB100CD22B9 /* Debug */,
				182B9FE52D466AB100CD22B9 /* Release */,
			);
			defaultConfigurationIsVisible = 0;
			defaultConfigurationName = Release;
		};
		182B9FE12D466AB100CD22B9 /* Build configuration list for PBXNativeTarget "loginandEnrollAccount" */ = {
			isa = XCConfigurationList;
			buildConfigurations = (
				182B9FE22D466AB100CD22B9 /* Debug */,
				182B9FE32D466AB100CD22B9 /* Release */,
			);
			defaultConfigurationIsVisible = 0;
			defaultConfigurationName = Release;
		};
		182B9FE62D466AB100CD22B9 /* Build configuration list for PBXNativeTarget "loginandEnrollAccountTests" */ = {
			isa = XCConfigurationList;
			buildConfigurations = (
				182B9FE72D466AB100CD22B9 /* Debug */,
				182B9FE82D466AB100CD22B9 /* Release */,
			);
			defaultConfigurationIsVisible = 0;
			defaultConfigurationName = Release;
		};
		182B9FE92D466AB100CD22B9 /* Build configuration list for PBXNativeTarget "loginandEnrollAccountUITests" */ = {
			isa = XCConfigurationList;
			buildConfigurations = (
				182B9FEA2D466AB100CD22B9 /* Debug */,
				182B9FEB2D466AB100CD22B9 /* Release */,
			);
			defaultConfigurationIsVisible = 0;
			defaultConfigurationName = Release;
		};
/* End XCConfigurationList section */
	};
	rootObject = 182B9FB02D466AAE00CD22B9 /* Project object */;
}
